// !$*UTF8*$!
{
	archiveVersion = 1;
	classes = {
	};
	objectVersion = 51;
	objects = {

/* Begin PBXBuildFile section */
		07F9890B81EF2DD482FCDD5F /* Pods_BasicChat_BasicChatUITests.framework in Frameworks */ = {isa = PBXBuildFile; fileRef = 3483BBCB9C814E30FFD744F3 /* Pods_BasicChat_BasicChatUITests.framework */; };
		73F11553551EBBF1FFDF087D /* Pods_BasicChatTests.framework in Frameworks */ = {isa = PBXBuildFile; fileRef = 0CFD9FA63D35B1FF61DEBF57 /* Pods_BasicChatTests.framework */; };
		A91855B324E236460038423C /* NewConversationCell.swift in Sources */ = {isa = PBXBuildFile; fileRef = A91855B224E236460038423C /* NewConversationCell.swift */; };
		A91855B524E42D2C0038423C /* UserSearchViewController.swift in Sources */ = {isa = PBXBuildFile; fileRef = A91855B424E42D2B0038423C /* UserSearchViewController.swift */; };
		A9211EDC24F0AE97009984C6 /* LocationPickerViewController.swift in Sources */ = {isa = PBXBuildFile; fileRef = A9211EDB24F0AE96009984C6 /* LocationPickerViewController.swift */; };
		A9432D0724FBE3A000CA07CB /* ConversationModels.swift in Sources */ = {isa = PBXBuildFile; fileRef = A9432D0624FBE3A000CA07CB /* ConversationModels.swift */; };
		A9432D0924FBE3FA00CA07CB /* ChatModels.swift in Sources */ = {isa = PBXBuildFile; fileRef = A9432D0824FBE3FA00CA07CB /* ChatModels.swift */; };
		A9432D0B24FBE45D00CA07CB /* ProfileViewModel.swift in Sources */ = {isa = PBXBuildFile; fileRef = A9432D0A24FBE45C00CA07CB /* ProfileViewModel.swift */; };
		A9432D0D24FBE4AE00CA07CB /* SearchResultModel.swift in Sources */ = {isa = PBXBuildFile; fileRef = A9432D0C24FBE4AE00CA07CB /* SearchResultModel.swift */; };
		A9432D0F24FBE4C800CA07CB /* GroupChatModel.swift in Sources */ = {isa = PBXBuildFile; fileRef = A9432D0E24FBE4C800CA07CB /* GroupChatModel.swift */; };
		A945C69E24DB33ED009F9D95 /* ConversationTableViewCell.swift in Sources */ = {isa = PBXBuildFile; fileRef = A945C69D24DB33EC009F9D95 /* ConversationTableViewCell.swift */; };
		A94C481D24B0D26000AD1F92 /* GoogleService-Info.plist in Resources */ = {isa = PBXBuildFile; fileRef = A94C481C24B0D26000AD1F92 /* GoogleService-Info.plist */; };
		A94C481F24B11EEF00AD1F92 /* DatabaseManager.swift in Sources */ = {isa = PBXBuildFile; fileRef = A94C481E24B11EEF00AD1F92 /* DatabaseManager.swift */; };
		A9566B8C2506FE7D00B74E68 /* AnnouncementsDatabaseManager.swift in Sources */ = {isa = PBXBuildFile; fileRef = A9566B8B2506FE7D00B74E68 /* AnnouncementsDatabaseManager.swift */; };
		A9566B8E2507037B00B74E68 /* AnnouncementModel.swift in Sources */ = {isa = PBXBuildFile; fileRef = A9566B8D2507037B00B74E68 /* AnnouncementModel.swift */; };
		A997D8CC24AA2D1800118683 /* RegisterViewController.swift in Sources */ = {isa = PBXBuildFile; fileRef = A997D8CB24AA2D1800118683 /* RegisterViewController.swift */; };
		A997D8CE24AA2D3C00118683 /* PhotoViewerViewController.swift in Sources */ = {isa = PBXBuildFile; fileRef = A997D8CD24AA2D3C00118683 /* PhotoViewerViewController.swift */; };
		A997D8D224AA2D5E00118683 /* NewConversationViewController.swift in Sources */ = {isa = PBXBuildFile; fileRef = A997D8D124AA2D5E00118683 /* NewConversationViewController.swift */; };
		A997D8D424AA2D6D00118683 /* ProfileViewController.swift in Sources */ = {isa = PBXBuildFile; fileRef = A997D8D324AA2D6D00118683 /* ProfileViewController.swift */; };
		A997D8D724AA312400118683 /* ConversationsViewController.swift in Sources */ = {isa = PBXBuildFile; fileRef = A9D2E44E24A516F8007E3BB1 /* ConversationsViewController.swift */; };
		A997D8D824AA324D00118683 /* LoginViewController.swift in Sources */ = {isa = PBXBuildFile; fileRef = A997D8C924AA2D0C00118683 /* LoginViewController.swift */; };
		A997D8DA24AA359000118683 /* Extensions.swift in Sources */ = {isa = PBXBuildFile; fileRef = A997D8D924AA359000118683 /* Extensions.swift */; };
		A9B179EA24D863410005275E /* ChatViewController.swift in Sources */ = {isa = PBXBuildFile; fileRef = A9B179E924D863410005275E /* ChatViewController.swift */; };
		A9B179EC24D8E9A30005275E /* StorageManager.swift in Sources */ = {isa = PBXBuildFile; fileRef = A9B179EB24D8E9A20005275E /* StorageManager.swift */; };
		A9D2E44B24A516F8007E3BB1 /* AppDelegate.swift in Sources */ = {isa = PBXBuildFile; fileRef = A9D2E44A24A516F8007E3BB1 /* AppDelegate.swift */; };
		A9D2E44D24A516F8007E3BB1 /* SceneDelegate.swift in Sources */ = {isa = PBXBuildFile; fileRef = A9D2E44C24A516F8007E3BB1 /* SceneDelegate.swift */; };
		A9D2E45224A516F8007E3BB1 /* Main.storyboard in Resources */ = {isa = PBXBuildFile; fileRef = A9D2E45024A516F8007E3BB1 /* Main.storyboard */; };
		A9D2E45424A51707007E3BB1 /* Assets.xcassets in Resources */ = {isa = PBXBuildFile; fileRef = A9D2E45324A51707007E3BB1 /* Assets.xcassets */; };
		A9D2E45724A51707007E3BB1 /* LaunchScreen.storyboard in Resources */ = {isa = PBXBuildFile; fileRef = A9D2E45524A51707007E3BB1 /* LaunchScreen.storyboard */; };
		A9D2E46224A51708007E3BB1 /* BasicChatTests.swift in Sources */ = {isa = PBXBuildFile; fileRef = A9D2E46124A51708007E3BB1 /* BasicChatTests.swift */; };
		A9D2E46D24A51708007E3BB1 /* BasicChatUITests.swift in Sources */ = {isa = PBXBuildFile; fileRef = A9D2E46C24A51708007E3BB1 /* BasicChatUITests.swift */; };
		B83911CE24E31BD700DBD5D4 /* NewGroupChatViewController.swift in Sources */ = {isa = PBXBuildFile; fileRef = B83911CD24E31BD700DBD5D4 /* NewGroupChatViewController.swift */; };
		B86208B124FBFCA8005630EA /* AnnouncementsViewController.swift in Sources */ = {isa = PBXBuildFile; fileRef = B86208B024FBFCA8005630EA /* AnnouncementsViewController.swift */; };
		B86208B324FBFEBD005630EA /* AnnouncementTableViewCell.swift in Sources */ = {isa = PBXBuildFile; fileRef = B86208B224FBFEBD005630EA /* AnnouncementTableViewCell.swift */; };
		B89204DD25153AF1004F6D3D /* NewAnnouncementsViewController.swift in Sources */ = {isa = PBXBuildFile; fileRef = B89204DC25153AF1004F6D3D /* NewAnnouncementsViewController.swift */; };
		BA042FF252FA8530A0393461 /* Pods_BasicChat.framework in Frameworks */ = {isa = PBXBuildFile; fileRef = A80540DE9BEE258ED9F47EAE /* Pods_BasicChat.framework */; };
/* End PBXBuildFile section */

/* Begin PBXContainerItemProxy section */
		A9D2E45E24A51708007E3BB1 /* PBXContainerItemProxy */ = {
			isa = PBXContainerItemProxy;
			containerPortal = A9D2E43F24A516F8007E3BB1 /* Project object */;
			proxyType = 1;
			remoteGlobalIDString = A9D2E44624A516F8007E3BB1;
			remoteInfo = BasicChat;
		};
		A9D2E46924A51708007E3BB1 /* PBXContainerItemProxy */ = {
			isa = PBXContainerItemProxy;
			containerPortal = A9D2E43F24A516F8007E3BB1 /* Project object */;
			proxyType = 1;
			remoteGlobalIDString = A9D2E44624A516F8007E3BB1;
			remoteInfo = BasicChat;
		};
/* End PBXContainerItemProxy section */

/* Begin PBXFileReference section */
		0CFD9FA63D35B1FF61DEBF57 /* Pods_BasicChatTests.framework */ = {isa = PBXFileReference; explicitFileType = wrapper.framework; includeInIndex = 0; path = Pods_BasicChatTests.framework; sourceTree = BUILT_PRODUCTS_DIR; };
		3483BBCB9C814E30FFD744F3 /* Pods_BasicChat_BasicChatUITests.framework */ = {isa = PBXFileReference; explicitFileType = wrapper.framework; includeInIndex = 0; path = Pods_BasicChat_BasicChatUITests.framework; sourceTree = BUILT_PRODUCTS_DIR; };
		5F49A1A777787D27376EB030 /* Pods-BasicChatTests.release.xcconfig */ = {isa = PBXFileReference; includeInIndex = 1; lastKnownFileType = text.xcconfig; name = "Pods-BasicChatTests.release.xcconfig"; path = "Target Support Files/Pods-BasicChatTests/Pods-BasicChatTests.release.xcconfig"; sourceTree = "<group>"; };
		922182C03040E182F39C23A9 /* Pods-BasicChat-BasicChatUITests.release.xcconfig */ = {isa = PBXFileReference; includeInIndex = 1; lastKnownFileType = text.xcconfig; name = "Pods-BasicChat-BasicChatUITests.release.xcconfig"; path = "Target Support Files/Pods-BasicChat-BasicChatUITests/Pods-BasicChat-BasicChatUITests.release.xcconfig"; sourceTree = "<group>"; };
		95211A154F706AE4E9518552 /* Pods-BasicChat-BasicChatUITests.debug.xcconfig */ = {isa = PBXFileReference; includeInIndex = 1; lastKnownFileType = text.xcconfig; name = "Pods-BasicChat-BasicChatUITests.debug.xcconfig"; path = "Target Support Files/Pods-BasicChat-BasicChatUITests/Pods-BasicChat-BasicChatUITests.debug.xcconfig"; sourceTree = "<group>"; };
		A80540DE9BEE258ED9F47EAE /* Pods_BasicChat.framework */ = {isa = PBXFileReference; explicitFileType = wrapper.framework; includeInIndex = 0; path = Pods_BasicChat.framework; sourceTree = BUILT_PRODUCTS_DIR; };
		A91855B224E236460038423C /* NewConversationCell.swift */ = {isa = PBXFileReference; lastKnownFileType = sourcecode.swift; path = NewConversationCell.swift; sourceTree = "<group>"; };
		A91855B424E42D2B0038423C /* UserSearchViewController.swift */ = {isa = PBXFileReference; lastKnownFileType = sourcecode.swift; path = UserSearchViewController.swift; sourceTree = "<group>"; };
		A9211EDB24F0AE96009984C6 /* LocationPickerViewController.swift */ = {isa = PBXFileReference; lastKnownFileType = sourcecode.swift; path = LocationPickerViewController.swift; sourceTree = "<group>"; };
		A9432D0624FBE3A000CA07CB /* ConversationModels.swift */ = {isa = PBXFileReference; lastKnownFileType = sourcecode.swift; path = ConversationModels.swift; sourceTree = "<group>"; };
		A9432D0824FBE3FA00CA07CB /* ChatModels.swift */ = {isa = PBXFileReference; lastKnownFileType = sourcecode.swift; path = ChatModels.swift; sourceTree = "<group>"; };
		A9432D0A24FBE45C00CA07CB /* ProfileViewModel.swift */ = {isa = PBXFileReference; lastKnownFileType = sourcecode.swift; path = ProfileViewModel.swift; sourceTree = "<group>"; };
		A9432D0C24FBE4AE00CA07CB /* SearchResultModel.swift */ = {isa = PBXFileReference; lastKnownFileType = sourcecode.swift; path = SearchResultModel.swift; sourceTree = "<group>"; };
		A9432D0E24FBE4C800CA07CB /* GroupChatModel.swift */ = {isa = PBXFileReference; lastKnownFileType = sourcecode.swift; path = GroupChatModel.swift; sourceTree = "<group>"; };
		A945C69D24DB33EC009F9D95 /* ConversationTableViewCell.swift */ = {isa = PBXFileReference; lastKnownFileType = sourcecode.swift; path = ConversationTableViewCell.swift; sourceTree = "<group>"; };
		A94C481C24B0D26000AD1F92 /* GoogleService-Info.plist */ = {isa = PBXFileReference; fileEncoding = 4; lastKnownFileType = text.plist.xml; path = "GoogleService-Info.plist"; sourceTree = "<group>"; };
		A94C481E24B11EEF00AD1F92 /* DatabaseManager.swift */ = {isa = PBXFileReference; lastKnownFileType = sourcecode.swift; path = DatabaseManager.swift; sourceTree = "<group>"; };
		A9566B8B2506FE7D00B74E68 /* AnnouncementsDatabaseManager.swift */ = {isa = PBXFileReference; lastKnownFileType = sourcecode.swift; path = AnnouncementsDatabaseManager.swift; sourceTree = "<group>"; };
		A9566B8D2507037B00B74E68 /* AnnouncementModel.swift */ = {isa = PBXFileReference; lastKnownFileType = sourcecode.swift; path = AnnouncementModel.swift; sourceTree = "<group>"; };
		A997D8C924AA2D0C00118683 /* LoginViewController.swift */ = {isa = PBXFileReference; lastKnownFileType = sourcecode.swift; path = LoginViewController.swift; sourceTree = "<group>"; };
		A997D8CB24AA2D1800118683 /* RegisterViewController.swift */ = {isa = PBXFileReference; lastKnownFileType = sourcecode.swift; path = RegisterViewController.swift; sourceTree = "<group>"; };
		A997D8CD24AA2D3C00118683 /* PhotoViewerViewController.swift */ = {isa = PBXFileReference; lastKnownFileType = sourcecode.swift; path = PhotoViewerViewController.swift; sourceTree = "<group>"; };
		A997D8D124AA2D5E00118683 /* NewConversationViewController.swift */ = {isa = PBXFileReference; lastKnownFileType = sourcecode.swift; path = NewConversationViewController.swift; sourceTree = "<group>"; };
		A997D8D324AA2D6D00118683 /* ProfileViewController.swift */ = {isa = PBXFileReference; lastKnownFileType = sourcecode.swift; path = ProfileViewController.swift; sourceTree = "<group>"; };
		A997D8D924AA359000118683 /* Extensions.swift */ = {isa = PBXFileReference; lastKnownFileType = sourcecode.swift; path = Extensions.swift; sourceTree = "<group>"; };
		A9B179E924D863410005275E /* ChatViewController.swift */ = {isa = PBXFileReference; lastKnownFileType = sourcecode.swift; path = ChatViewController.swift; sourceTree = "<group>"; };
		A9B179EB24D8E9A20005275E /* StorageManager.swift */ = {isa = PBXFileReference; lastKnownFileType = sourcecode.swift; path = StorageManager.swift; sourceTree = "<group>"; };
		A9D2E44724A516F8007E3BB1 /* BasicChat.app */ = {isa = PBXFileReference; explicitFileType = wrapper.application; includeInIndex = 0; path = BasicChat.app; sourceTree = BUILT_PRODUCTS_DIR; };
		A9D2E44A24A516F8007E3BB1 /* AppDelegate.swift */ = {isa = PBXFileReference; lastKnownFileType = sourcecode.swift; path = AppDelegate.swift; sourceTree = "<group>"; };
		A9D2E44C24A516F8007E3BB1 /* SceneDelegate.swift */ = {isa = PBXFileReference; lastKnownFileType = sourcecode.swift; path = SceneDelegate.swift; sourceTree = "<group>"; };
		A9D2E44E24A516F8007E3BB1 /* ConversationsViewController.swift */ = {isa = PBXFileReference; lastKnownFileType = sourcecode.swift; path = ConversationsViewController.swift; sourceTree = "<group>"; };
		A9D2E45124A516F8007E3BB1 /* Base */ = {isa = PBXFileReference; lastKnownFileType = file.storyboard; name = Base; path = Base.lproj/Main.storyboard; sourceTree = "<group>"; };
		A9D2E45324A51707007E3BB1 /* Assets.xcassets */ = {isa = PBXFileReference; lastKnownFileType = folder.assetcatalog; path = Assets.xcassets; sourceTree = "<group>"; };
		A9D2E45624A51707007E3BB1 /* Base */ = {isa = PBXFileReference; lastKnownFileType = file.storyboard; name = Base; path = Base.lproj/LaunchScreen.storyboard; sourceTree = "<group>"; };
		A9D2E45824A51707007E3BB1 /* Info.plist */ = {isa = PBXFileReference; lastKnownFileType = text.plist.xml; path = Info.plist; sourceTree = "<group>"; };
		A9D2E45D24A51708007E3BB1 /* BasicChatTests.xctest */ = {isa = PBXFileReference; explicitFileType = wrapper.cfbundle; includeInIndex = 0; path = BasicChatTests.xctest; sourceTree = BUILT_PRODUCTS_DIR; };
		A9D2E46124A51708007E3BB1 /* BasicChatTests.swift */ = {isa = PBXFileReference; lastKnownFileType = sourcecode.swift; path = BasicChatTests.swift; sourceTree = "<group>"; };
		A9D2E46324A51708007E3BB1 /* Info.plist */ = {isa = PBXFileReference; lastKnownFileType = text.plist.xml; path = Info.plist; sourceTree = "<group>"; };
		A9D2E46824A51708007E3BB1 /* BasicChatUITests.xctest */ = {isa = PBXFileReference; explicitFileType = wrapper.cfbundle; includeInIndex = 0; path = BasicChatUITests.xctest; sourceTree = BUILT_PRODUCTS_DIR; };
		A9D2E46C24A51708007E3BB1 /* BasicChatUITests.swift */ = {isa = PBXFileReference; lastKnownFileType = sourcecode.swift; path = BasicChatUITests.swift; sourceTree = "<group>"; };
		A9D2E46E24A51708007E3BB1 /* Info.plist */ = {isa = PBXFileReference; lastKnownFileType = text.plist.xml; path = Info.plist; sourceTree = "<group>"; };
		B83911CD24E31BD700DBD5D4 /* NewGroupChatViewController.swift */ = {isa = PBXFileReference; lastKnownFileType = sourcecode.swift; path = NewGroupChatViewController.swift; sourceTree = "<group>"; };
		B86208B024FBFCA8005630EA /* AnnouncementsViewController.swift */ = {isa = PBXFileReference; lastKnownFileType = sourcecode.swift; path = AnnouncementsViewController.swift; sourceTree = "<group>"; };
		B86208B224FBFEBD005630EA /* AnnouncementTableViewCell.swift */ = {isa = PBXFileReference; lastKnownFileType = sourcecode.swift; path = AnnouncementTableViewCell.swift; sourceTree = "<group>"; };
		B89204DC25153AF1004F6D3D /* NewAnnouncementsViewController.swift */ = {isa = PBXFileReference; lastKnownFileType = sourcecode.swift; path = NewAnnouncementsViewController.swift; sourceTree = "<group>"; };
		D1257C40A9FCABC1433DED76 /* Pods-BasicChatTests.debug.xcconfig */ = {isa = PBXFileReference; includeInIndex = 1; lastKnownFileType = text.xcconfig; name = "Pods-BasicChatTests.debug.xcconfig"; path = "Target Support Files/Pods-BasicChatTests/Pods-BasicChatTests.debug.xcconfig"; sourceTree = "<group>"; };
		E1A362DEDEFCF1EDB030C4B3 /* Pods-BasicChat.release.xcconfig */ = {isa = PBXFileReference; includeInIndex = 1; lastKnownFileType = text.xcconfig; name = "Pods-BasicChat.release.xcconfig"; path = "Target Support Files/Pods-BasicChat/Pods-BasicChat.release.xcconfig"; sourceTree = "<group>"; };
		E97FD7A4D45F5E0AFF30DB0D /* Pods-BasicChat.debug.xcconfig */ = {isa = PBXFileReference; includeInIndex = 1; lastKnownFileType = text.xcconfig; name = "Pods-BasicChat.debug.xcconfig"; path = "Target Support Files/Pods-BasicChat/Pods-BasicChat.debug.xcconfig"; sourceTree = "<group>"; };
/* End PBXFileReference section */

/* Begin PBXFrameworksBuildPhase section */
		A9D2E44424A516F8007E3BB1 /* Frameworks */ = {
			isa = PBXFrameworksBuildPhase;
			buildActionMask = 2147483647;
			files = (
				BA042FF252FA8530A0393461 /* Pods_BasicChat.framework in Frameworks */,
			);
			runOnlyForDeploymentPostprocessing = 0;
		};
		A9D2E45A24A51708007E3BB1 /* Frameworks */ = {
			isa = PBXFrameworksBuildPhase;
			buildActionMask = 2147483647;
			files = (
				73F11553551EBBF1FFDF087D /* Pods_BasicChatTests.framework in Frameworks */,
			);
			runOnlyForDeploymentPostprocessing = 0;
		};
		A9D2E46524A51708007E3BB1 /* Frameworks */ = {
			isa = PBXFrameworksBuildPhase;
			buildActionMask = 2147483647;
			files = (
				07F9890B81EF2DD482FCDD5F /* Pods_BasicChat_BasicChatUITests.framework in Frameworks */,
			);
			runOnlyForDeploymentPostprocessing = 0;
		};
/* End PBXFrameworksBuildPhase section */

/* Begin PBXGroup section */
		4D38B2234C7E6A339AABA40A /* Pods */ = {
			isa = PBXGroup;
			children = (
				E97FD7A4D45F5E0AFF30DB0D /* Pods-BasicChat.debug.xcconfig */,
				E1A362DEDEFCF1EDB030C4B3 /* Pods-BasicChat.release.xcconfig */,
				95211A154F706AE4E9518552 /* Pods-BasicChat-BasicChatUITests.debug.xcconfig */,
				922182C03040E182F39C23A9 /* Pods-BasicChat-BasicChatUITests.release.xcconfig */,
				D1257C40A9FCABC1433DED76 /* Pods-BasicChatTests.debug.xcconfig */,
				5F49A1A777787D27376EB030 /* Pods-BasicChatTests.release.xcconfig */,
			);
			path = Pods;
			sourceTree = "<group>";
		};
		A997D8C324AA2BB600118683 /* Controllers */ = {
			isa = PBXGroup;
			children = (
				A9D2E44E24A516F8007E3BB1 /* ConversationsViewController.swift */,
				A997D8D624AA2E5A00118683 /* Login */,
				A997D8CD24AA2D3C00118683 /* PhotoViewerViewController.swift */,
				A997D8D124AA2D5E00118683 /* NewConversationViewController.swift */,
				B83911CD24E31BD700DBD5D4 /* NewGroupChatViewController.swift */,
				A997D8D324AA2D6D00118683 /* ProfileViewController.swift */,
				A9B179E924D863410005275E /* ChatViewController.swift */,
				A91855B424E42D2B0038423C /* UserSearchViewController.swift */,
				A9211EDB24F0AE96009984C6 /* LocationPickerViewController.swift */,
				B86208B024FBFCA8005630EA /* AnnouncementsViewController.swift */,
				B89204DC25153AF1004F6D3D /* NewAnnouncementsViewController.swift */,
			);
			path = Controllers;
			sourceTree = "<group>";
		};
		A997D8C424AA2BC400118683 /* Views */ = {
			isa = PBXGroup;
			children = (
				A997D8C824AA2C1200118683 /* Storyboards */,
				A9D2E45324A51707007E3BB1 /* Assets.xcassets */,
				A945C69D24DB33EC009F9D95 /* ConversationTableViewCell.swift */,
				A91855B224E236460038423C /* NewConversationCell.swift */,
				B86208B224FBFEBD005630EA /* AnnouncementTableViewCell.swift */,
			);
			path = Views;
			sourceTree = "<group>";
		};
		A997D8C524AA2BCA00118683 /* Models */ = {
			isa = PBXGroup;
			children = (
				A9432D0624FBE3A000CA07CB /* ConversationModels.swift */,
				A9432D0824FBE3FA00CA07CB /* ChatModels.swift */,
				A9432D0A24FBE45C00CA07CB /* ProfileViewModel.swift */,
				A9432D0C24FBE4AE00CA07CB /* SearchResultModel.swift */,
				A9432D0E24FBE4C800CA07CB /* GroupChatModel.swift */,
				A9566B8D2507037B00B74E68 /* AnnouncementModel.swift */,
			);
			path = Models;
			sourceTree = "<group>";
		};
		A997D8C624AA2BD400118683 /* ViewModels */ = {
			isa = PBXGroup;
			children = (
			);
			path = ViewModels;
			sourceTree = "<group>";
		};
		A997D8C724AA2BDF00118683 /* Resources */ = {
			isa = PBXGroup;
			children = (
				A9D2E44A24A516F8007E3BB1 /* AppDelegate.swift */,
				A9D2E44C24A516F8007E3BB1 /* SceneDelegate.swift */,
				A997D8D924AA359000118683 /* Extensions.swift */,
				A94C481E24B11EEF00AD1F92 /* DatabaseManager.swift */,
				A9566B8B2506FE7D00B74E68 /* AnnouncementsDatabaseManager.swift */,
				A9B179EB24D8E9A20005275E /* StorageManager.swift */,
			);
			path = Resources;
			sourceTree = "<group>";
		};
		A997D8C824AA2C1200118683 /* Storyboards */ = {
			isa = PBXGroup;
			children = (
				A9D2E45524A51707007E3BB1 /* LaunchScreen.storyboard */,
				A9D2E45024A516F8007E3BB1 /* Main.storyboard */,
			);
			path = Storyboards;
			sourceTree = "<group>";
		};
		A997D8D624AA2E5A00118683 /* Login */ = {
			isa = PBXGroup;
			children = (
				A997D8C924AA2D0C00118683 /* LoginViewController.swift */,
				A997D8CB24AA2D1800118683 /* RegisterViewController.swift */,
			);
			path = Login;
			sourceTree = "<group>";
		};
		A9D2E43E24A516F8007E3BB1 = {
			isa = PBXGroup;
			children = (
				A9D2E44924A516F8007E3BB1 /* BasicChat */,
				A9D2E46024A51708007E3BB1 /* BasicChatTests */,
				A9D2E46B24A51708007E3BB1 /* BasicChatUITests */,
				A9D2E44824A516F8007E3BB1 /* Products */,
				4D38B2234C7E6A339AABA40A /* Pods */,
				BCA79633E5DBEC2E1EAE9F23 /* Frameworks */,
			);
			sourceTree = "<group>";
		};
		A9D2E44824A516F8007E3BB1 /* Products */ = {
			isa = PBXGroup;
			children = (
				A9D2E44724A516F8007E3BB1 /* BasicChat.app */,
				A9D2E45D24A51708007E3BB1 /* BasicChatTests.xctest */,
				A9D2E46824A51708007E3BB1 /* BasicChatUITests.xctest */,
			);
			name = Products;
			sourceTree = "<group>";
		};
		A9D2E44924A516F8007E3BB1 /* BasicChat */ = {
			isa = PBXGroup;
			children = (
				A94C481C24B0D26000AD1F92 /* GoogleService-Info.plist */,
				A997D8C724AA2BDF00118683 /* Resources */,
				A997D8C624AA2BD400118683 /* ViewModels */,
				A997D8C524AA2BCA00118683 /* Models */,
				A997D8C424AA2BC400118683 /* Views */,
				A997D8C324AA2BB600118683 /* Controllers */,
				A9D2E45824A51707007E3BB1 /* Info.plist */,
			);
			path = BasicChat;
			sourceTree = "<group>";
		};
		A9D2E46024A51708007E3BB1 /* BasicChatTests */ = {
			isa = PBXGroup;
			children = (
				A9D2E46124A51708007E3BB1 /* BasicChatTests.swift */,
				A9D2E46324A51708007E3BB1 /* Info.plist */,
			);
			path = BasicChatTests;
			sourceTree = "<group>";
		};
		A9D2E46B24A51708007E3BB1 /* BasicChatUITests */ = {
			isa = PBXGroup;
			children = (
				A9D2E46C24A51708007E3BB1 /* BasicChatUITests.swift */,
				A9D2E46E24A51708007E3BB1 /* Info.plist */,
			);
			path = BasicChatUITests;
			sourceTree = "<group>";
		};
		BCA79633E5DBEC2E1EAE9F23 /* Frameworks */ = {
			isa = PBXGroup;
			children = (
				A80540DE9BEE258ED9F47EAE /* Pods_BasicChat.framework */,
				3483BBCB9C814E30FFD744F3 /* Pods_BasicChat_BasicChatUITests.framework */,
				0CFD9FA63D35B1FF61DEBF57 /* Pods_BasicChatTests.framework */,
			);
			name = Frameworks;
			sourceTree = "<group>";
		};
/* End PBXGroup section */

/* Begin PBXNativeTarget section */
		A9D2E44624A516F8007E3BB1 /* BasicChat */ = {
			isa = PBXNativeTarget;
			buildConfigurationList = A9D2E47124A51708007E3BB1 /* Build configuration list for PBXNativeTarget "BasicChat" */;
			buildPhases = (
				A9E6FCEFEE66A7EDA9120861 /* [CP] Check Pods Manifest.lock */,
				A9D2E44324A516F8007E3BB1 /* Sources */,
				A9D2E44424A516F8007E3BB1 /* Frameworks */,
				A9D2E44524A516F8007E3BB1 /* Resources */,
				0B6BE97A6E80948049405F9A /* [CP] Embed Pods Frameworks */,
				B8ED33225863D05DFD74B4D4 /* [CP] Copy Pods Resources */,
				A932CF1B24F2C4A800DF64F5 /* Run Script */,
			);
			buildRules = (
			);
			dependencies = (
			);
			name = BasicChat;
			productName = BasicChat;
			productReference = A9D2E44724A516F8007E3BB1 /* BasicChat.app */;
			productType = "com.apple.product-type.application";
		};
		A9D2E45C24A51708007E3BB1 /* BasicChatTests */ = {
			isa = PBXNativeTarget;
			buildConfigurationList = A9D2E47424A51708007E3BB1 /* Build configuration list for PBXNativeTarget "BasicChatTests" */;
			buildPhases = (
				B3B6EE0726687C18DF0CF86A /* [CP] Check Pods Manifest.lock */,
				A9D2E45924A51708007E3BB1 /* Sources */,
				A9D2E45A24A51708007E3BB1 /* Frameworks */,
				A9D2E45B24A51708007E3BB1 /* Resources */,
			);
			buildRules = (
			);
			dependencies = (
				A9D2E45F24A51708007E3BB1 /* PBXTargetDependency */,
			);
			name = BasicChatTests;
			productName = BasicChatTests;
			productReference = A9D2E45D24A51708007E3BB1 /* BasicChatTests.xctest */;
			productType = "com.apple.product-type.bundle.unit-test";
		};
		A9D2E46724A51708007E3BB1 /* BasicChatUITests */ = {
			isa = PBXNativeTarget;
			buildConfigurationList = A9D2E47724A51708007E3BB1 /* Build configuration list for PBXNativeTarget "BasicChatUITests" */;
			buildPhases = (
				C864783321A945DC17A5A1EC /* [CP] Check Pods Manifest.lock */,
				A9D2E46424A51708007E3BB1 /* Sources */,
				A9D2E46524A51708007E3BB1 /* Frameworks */,
				A9D2E46624A51708007E3BB1 /* Resources */,
				5B9E102B783F652E14617DAF /* [CP] Embed Pods Frameworks */,
				DD09E2FE08E169E047D68681 /* [CP] Copy Pods Resources */,
			);
			buildRules = (
			);
			dependencies = (
				A9D2E46A24A51708007E3BB1 /* PBXTargetDependency */,
			);
			name = BasicChatUITests;
			productName = BasicChatUITests;
			productReference = A9D2E46824A51708007E3BB1 /* BasicChatUITests.xctest */;
			productType = "com.apple.product-type.bundle.ui-testing";
		};
/* End PBXNativeTarget section */

/* Begin PBXProject section */
		A9D2E43F24A516F8007E3BB1 /* Project object */ = {
			isa = PBXProject;
			attributes = {
				LastSwiftUpdateCheck = 1150;
				LastUpgradeCheck = 1150;
				ORGANIZATIONNAME = "Brian Zhu";
				TargetAttributes = {
					A9D2E44624A516F8007E3BB1 = {
						CreatedOnToolsVersion = 11.5;
					};
					A9D2E45C24A51708007E3BB1 = {
						CreatedOnToolsVersion = 11.5;
						TestTargetID = A9D2E44624A516F8007E3BB1;
					};
					A9D2E46724A51708007E3BB1 = {
						CreatedOnToolsVersion = 11.5;
						TestTargetID = A9D2E44624A516F8007E3BB1;
					};
				};
			};
			buildConfigurationList = A9D2E44224A516F8007E3BB1 /* Build configuration list for PBXProject "BasicChat" */;
			compatibilityVersion = "Xcode 9.3";
			developmentRegion = en;
			hasScannedForEncodings = 0;
			knownRegions = (
				en,
				Base,
			);
			mainGroup = A9D2E43E24A516F8007E3BB1;
			productRefGroup = A9D2E44824A516F8007E3BB1 /* Products */;
			projectDirPath = "";
			projectRoot = "";
			targets = (
				A9D2E44624A516F8007E3BB1 /* BasicChat */,
				A9D2E45C24A51708007E3BB1 /* BasicChatTests */,
				A9D2E46724A51708007E3BB1 /* BasicChatUITests */,
			);
		};
/* End PBXProject section */

/* Begin PBXResourcesBuildPhase section */
		A9D2E44524A516F8007E3BB1 /* Resources */ = {
			isa = PBXResourcesBuildPhase;
			buildActionMask = 2147483647;
			files = (
				A9D2E45724A51707007E3BB1 /* LaunchScreen.storyboard in Resources */,
				A94C481D24B0D26000AD1F92 /* GoogleService-Info.plist in Resources */,
				A9D2E45424A51707007E3BB1 /* Assets.xcassets in Resources */,
				A9D2E45224A516F8007E3BB1 /* Main.storyboard in Resources */,
			);
			runOnlyForDeploymentPostprocessing = 0;
		};
		A9D2E45B24A51708007E3BB1 /* Resources */ = {
			isa = PBXResourcesBuildPhase;
			buildActionMask = 2147483647;
			files = (
			);
			runOnlyForDeploymentPostprocessing = 0;
		};
		A9D2E46624A51708007E3BB1 /* Resources */ = {
			isa = PBXResourcesBuildPhase;
			buildActionMask = 2147483647;
			files = (
			);
			runOnlyForDeploymentPostprocessing = 0;
		};
/* End PBXResourcesBuildPhase section */

/* Begin PBXShellScriptBuildPhase section */
		0B6BE97A6E80948049405F9A /* [CP] Embed Pods Frameworks */ = {
			isa = PBXShellScriptBuildPhase;
			buildActionMask = 2147483647;
			files = (
			);
			inputFileListPaths = (
				"${PODS_ROOT}/Target Support Files/Pods-BasicChat/Pods-BasicChat-frameworks-${CONFIGURATION}-input-files.xcfilelist",
			);
			name = "[CP] Embed Pods Frameworks";
			outputFileListPaths = (
				"${PODS_ROOT}/Target Support Files/Pods-BasicChat/Pods-BasicChat-frameworks-${CONFIGURATION}-output-files.xcfilelist",
			);
			runOnlyForDeploymentPostprocessing = 0;
			shellPath = /bin/sh;
			shellScript = "\"${PODS_ROOT}/Target Support Files/Pods-BasicChat/Pods-BasicChat-frameworks.sh\"\n";
			showEnvVarsInLog = 0;
		};
		5B9E102B783F652E14617DAF /* [CP] Embed Pods Frameworks */ = {
			isa = PBXShellScriptBuildPhase;
			buildActionMask = 2147483647;
			files = (
			);
			inputFileListPaths = (
				"${PODS_ROOT}/Target Support Files/Pods-BasicChat-BasicChatUITests/Pods-BasicChat-BasicChatUITests-frameworks-${CONFIGURATION}-input-files.xcfilelist",
			);
			name = "[CP] Embed Pods Frameworks";
			outputFileListPaths = (
				"${PODS_ROOT}/Target Support Files/Pods-BasicChat-BasicChatUITests/Pods-BasicChat-BasicChatUITests-frameworks-${CONFIGURATION}-output-files.xcfilelist",
			);
			runOnlyForDeploymentPostprocessing = 0;
			shellPath = /bin/sh;
			shellScript = "\"${PODS_ROOT}/Target Support Files/Pods-BasicChat-BasicChatUITests/Pods-BasicChat-BasicChatUITests-frameworks.sh\"\n";
			showEnvVarsInLog = 0;
		};
		A932CF1B24F2C4A800DF64F5 /* Run Script */ = {
			isa = PBXShellScriptBuildPhase;
			buildActionMask = 12;
			files = (
			);
			inputFileListPaths = (
			);
			inputPaths = (
			);
			name = "Run Script";
			outputFileListPaths = (
			);
			outputPaths = (
			);
			runOnlyForDeploymentPostprocessing = 0;
			shellPath = /bin/sh;
			shellScript = "\"${PODS_ROOT}/FirebaseCrashlytics/run\"\n";
		};
		A9E6FCEFEE66A7EDA9120861 /* [CP] Check Pods Manifest.lock */ = {
			isa = PBXShellScriptBuildPhase;
			buildActionMask = 2147483647;
			files = (
			);
			inputFileListPaths = (
			);
			inputPaths = (
				"${PODS_PODFILE_DIR_PATH}/Podfile.lock",
				"${PODS_ROOT}/Manifest.lock",
			);
			name = "[CP] Check Pods Manifest.lock";
			outputFileListPaths = (
			);
			outputPaths = (
				"$(DERIVED_FILE_DIR)/Pods-BasicChat-checkManifestLockResult.txt",
			);
			runOnlyForDeploymentPostprocessing = 0;
			shellPath = /bin/sh;
			shellScript = "diff \"${PODS_PODFILE_DIR_PATH}/Podfile.lock\" \"${PODS_ROOT}/Manifest.lock\" > /dev/null\nif [ $? != 0 ] ; then\n    # print error to STDERR\n    echo \"error: The sandbox is not in sync with the Podfile.lock. Run 'pod install' or update your CocoaPods installation.\" >&2\n    exit 1\nfi\n# This output is used by Xcode 'outputs' to avoid re-running this script phase.\necho \"SUCCESS\" > \"${SCRIPT_OUTPUT_FILE_0}\"\n";
			showEnvVarsInLog = 0;
		};
		B3B6EE0726687C18DF0CF86A /* [CP] Check Pods Manifest.lock */ = {
			isa = PBXShellScriptBuildPhase;
			buildActionMask = 2147483647;
			files = (
			);
			inputFileListPaths = (
			);
			inputPaths = (
				"${PODS_PODFILE_DIR_PATH}/Podfile.lock",
				"${PODS_ROOT}/Manifest.lock",
			);
			name = "[CP] Check Pods Manifest.lock";
			outputFileListPaths = (
			);
			outputPaths = (
				"$(DERIVED_FILE_DIR)/Pods-BasicChatTests-checkManifestLockResult.txt",
			);
			runOnlyForDeploymentPostprocessing = 0;
			shellPath = /bin/sh;
			shellScript = "diff \"${PODS_PODFILE_DIR_PATH}/Podfile.lock\" \"${PODS_ROOT}/Manifest.lock\" > /dev/null\nif [ $? != 0 ] ; then\n    # print error to STDERR\n    echo \"error: The sandbox is not in sync with the Podfile.lock. Run 'pod install' or update your CocoaPods installation.\" >&2\n    exit 1\nfi\n# This output is used by Xcode 'outputs' to avoid re-running this script phase.\necho \"SUCCESS\" > \"${SCRIPT_OUTPUT_FILE_0}\"\n";
			showEnvVarsInLog = 0;
		};
		B8ED33225863D05DFD74B4D4 /* [CP] Copy Pods Resources */ = {
			isa = PBXShellScriptBuildPhase;
			buildActionMask = 2147483647;
			files = (
			);
			inputFileListPaths = (
				"${PODS_ROOT}/Target Support Files/Pods-BasicChat/Pods-BasicChat-resources-${CONFIGURATION}-input-files.xcfilelist",
			);
			name = "[CP] Copy Pods Resources";
			outputFileListPaths = (
				"${PODS_ROOT}/Target Support Files/Pods-BasicChat/Pods-BasicChat-resources-${CONFIGURATION}-output-files.xcfilelist",
			);
			runOnlyForDeploymentPostprocessing = 0;
			shellPath = /bin/sh;
			shellScript = "\"${PODS_ROOT}/Target Support Files/Pods-BasicChat/Pods-BasicChat-resources.sh\"\n";
			showEnvVarsInLog = 0;
		};
		C864783321A945DC17A5A1EC /* [CP] Check Pods Manifest.lock */ = {
			isa = PBXShellScriptBuildPhase;
			buildActionMask = 2147483647;
			files = (
			);
			inputFileListPaths = (
			);
			inputPaths = (
				"${PODS_PODFILE_DIR_PATH}/Podfile.lock",
				"${PODS_ROOT}/Manifest.lock",
			);
			name = "[CP] Check Pods Manifest.lock";
			outputFileListPaths = (
			);
			outputPaths = (
				"$(DERIVED_FILE_DIR)/Pods-BasicChat-BasicChatUITests-checkManifestLockResult.txt",
			);
			runOnlyForDeploymentPostprocessing = 0;
			shellPath = /bin/sh;
			shellScript = "diff \"${PODS_PODFILE_DIR_PATH}/Podfile.lock\" \"${PODS_ROOT}/Manifest.lock\" > /dev/null\nif [ $? != 0 ] ; then\n    # print error to STDERR\n    echo \"error: The sandbox is not in sync with the Podfile.lock. Run 'pod install' or update your CocoaPods installation.\" >&2\n    exit 1\nfi\n# This output is used by Xcode 'outputs' to avoid re-running this script phase.\necho \"SUCCESS\" > \"${SCRIPT_OUTPUT_FILE_0}\"\n";
			showEnvVarsInLog = 0;
		};
		DD09E2FE08E169E047D68681 /* [CP] Copy Pods Resources */ = {
			isa = PBXShellScriptBuildPhase;
			buildActionMask = 2147483647;
			files = (
			);
			inputFileListPaths = (
				"${PODS_ROOT}/Target Support Files/Pods-BasicChat-BasicChatUITests/Pods-BasicChat-BasicChatUITests-resources-${CONFIGURATION}-input-files.xcfilelist",
			);
			name = "[CP] Copy Pods Resources";
			outputFileListPaths = (
				"${PODS_ROOT}/Target Support Files/Pods-BasicChat-BasicChatUITests/Pods-BasicChat-BasicChatUITests-resources-${CONFIGURATION}-output-files.xcfilelist",
			);
			runOnlyForDeploymentPostprocessing = 0;
			shellPath = /bin/sh;
			shellScript = "\"${PODS_ROOT}/Target Support Files/Pods-BasicChat-BasicChatUITests/Pods-BasicChat-BasicChatUITests-resources.sh\"\n";
			showEnvVarsInLog = 0;
		};
/* End PBXShellScriptBuildPhase section */

/* Begin PBXSourcesBuildPhase section */
		A9D2E44324A516F8007E3BB1 /* Sources */ = {
			isa = PBXSourcesBuildPhase;
			buildActionMask = 2147483647;
			files = (
				A997D8D824AA324D00118683 /* LoginViewController.swift in Sources */,
				A9211EDC24F0AE97009984C6 /* LocationPickerViewController.swift in Sources */,
				A91855B524E42D2C0038423C /* UserSearchViewController.swift in Sources */,
				B86208B124FBFCA8005630EA /* AnnouncementsViewController.swift in Sources */,
				A91855B324E236460038423C /* NewConversationCell.swift in Sources */,
				A94C481F24B11EEF00AD1F92 /* DatabaseManager.swift in Sources */,
				A997D8CC24AA2D1800118683 /* RegisterViewController.swift in Sources */,
				A997D8D224AA2D5E00118683 /* NewConversationViewController.swift in Sources */,
				B86208B324FBFEBD005630EA /* AnnouncementTableViewCell.swift in Sources */,
				A9566B8C2506FE7D00B74E68 /* AnnouncementsDatabaseManager.swift in Sources */,
				A9432D0F24FBE4C800CA07CB /* GroupChatModel.swift in Sources */,
				A9432D0724FBE3A000CA07CB /* ConversationModels.swift in Sources */,
				A9D2E44B24A516F8007E3BB1 /* AppDelegate.swift in Sources */,
				A997D8DA24AA359000118683 /* Extensions.swift in Sources */,
				A9432D0924FBE3FA00CA07CB /* ChatModels.swift in Sources */,
				A997D8D424AA2D6D00118683 /* ProfileViewController.swift in Sources */,
				A9566B8E2507037B00B74E68 /* AnnouncementModel.swift in Sources */,
				A997D8D724AA312400118683 /* ConversationsViewController.swift in Sources */,
				A9D2E44D24A516F8007E3BB1 /* SceneDelegate.swift in Sources */,
				A9432D0B24FBE45D00CA07CB /* ProfileViewModel.swift in Sources */,
				A945C69E24DB33ED009F9D95 /* ConversationTableViewCell.swift in Sources */,
				A9B179EA24D863410005275E /* ChatViewController.swift in Sources */,
				A9432D0D24FBE4AE00CA07CB /* SearchResultModel.swift in Sources */,
				A997D8CE24AA2D3C00118683 /* PhotoViewerViewController.swift in Sources */,
				B83911CE24E31BD700DBD5D4 /* NewGroupChatViewController.swift in Sources */,
				A9B179EC24D8E9A30005275E /* StorageManager.swift in Sources */,
				B89204DD25153AF1004F6D3D /* NewAnnouncementsViewController.swift in Sources */,
			);
			runOnlyForDeploymentPostprocessing = 0;
		};
		A9D2E45924A51708007E3BB1 /* Sources */ = {
			isa = PBXSourcesBuildPhase;
			buildActionMask = 2147483647;
			files = (
				A9D2E46224A51708007E3BB1 /* BasicChatTests.swift in Sources */,
			);
			runOnlyForDeploymentPostprocessing = 0;
		};
		A9D2E46424A51708007E3BB1 /* Sources */ = {
			isa = PBXSourcesBuildPhase;
			buildActionMask = 2147483647;
			files = (
				A9D2E46D24A51708007E3BB1 /* BasicChatUITests.swift in Sources */,
			);
			runOnlyForDeploymentPostprocessing = 0;
		};
/* End PBXSourcesBuildPhase section */

/* Begin PBXTargetDependency section */
		A9D2E45F24A51708007E3BB1 /* PBXTargetDependency */ = {
			isa = PBXTargetDependency;
			target = A9D2E44624A516F8007E3BB1 /* BasicChat */;
			targetProxy = A9D2E45E24A51708007E3BB1 /* PBXContainerItemProxy */;
		};
		A9D2E46A24A51708007E3BB1 /* PBXTargetDependency */ = {
			isa = PBXTargetDependency;
			target = A9D2E44624A516F8007E3BB1 /* BasicChat */;
			targetProxy = A9D2E46924A51708007E3BB1 /* PBXContainerItemProxy */;
		};
/* End PBXTargetDependency section */

/* Begin PBXVariantGroup section */
		A9D2E45024A516F8007E3BB1 /* Main.storyboard */ = {
			isa = PBXVariantGroup;
			children = (
				A9D2E45124A516F8007E3BB1 /* Base */,
			);
			name = Main.storyboard;
			sourceTree = "<group>";
		};
		A9D2E45524A51707007E3BB1 /* LaunchScreen.storyboard */ = {
			isa = PBXVariantGroup;
			children = (
				A9D2E45624A51707007E3BB1 /* Base */,
			);
			name = LaunchScreen.storyboard;
			sourceTree = "<group>";
		};
/* End PBXVariantGroup section */

/* Begin XCBuildConfiguration section */
		A9D2E46F24A51708007E3BB1 /* Debug */ = {
			isa = XCBuildConfiguration;
			buildSettings = {
				ALWAYS_SEARCH_USER_PATHS = NO;
				CLANG_ANALYZER_NONNULL = YES;
				CLANG_ANALYZER_NUMBER_OBJECT_CONVERSION = YES_AGGRESSIVE;
				CLANG_CXX_LANGUAGE_STANDARD = "gnu++14";
				CLANG_CXX_LIBRARY = "libc++";
				CLANG_ENABLE_MODULES = YES;
				CLANG_ENABLE_OBJC_ARC = YES;
				CLANG_ENABLE_OBJC_WEAK = YES;
				CLANG_WARN_BLOCK_CAPTURE_AUTORELEASING = YES;
				CLANG_WARN_BOOL_CONVERSION = YES;
				CLANG_WARN_COMMA = YES;
				CLANG_WARN_CONSTANT_CONVERSION = YES;
				CLANG_WARN_DEPRECATED_OBJC_IMPLEMENTATIONS = YES;
				CLANG_WARN_DIRECT_OBJC_ISA_USAGE = YES_ERROR;
				CLANG_WARN_DOCUMENTATION_COMMENTS = YES;
				CLANG_WARN_EMPTY_BODY = YES;
				CLANG_WARN_ENUM_CONVERSION = YES;
				CLANG_WARN_INFINITE_RECURSION = YES;
				CLANG_WARN_INT_CONVERSION = YES;
				CLANG_WARN_NON_LITERAL_NULL_CONVERSION = YES;
				CLANG_WARN_OBJC_IMPLICIT_RETAIN_SELF = YES;
				CLANG_WARN_OBJC_LITERAL_CONVERSION = YES;
				CLANG_WARN_OBJC_ROOT_CLASS = YES_ERROR;
				CLANG_WARN_RANGE_LOOP_ANALYSIS = YES;
				CLANG_WARN_STRICT_PROTOTYPES = YES;
				CLANG_WARN_SUSPICIOUS_MOVE = YES;
				CLANG_WARN_UNGUARDED_AVAILABILITY = YES_AGGRESSIVE;
				CLANG_WARN_UNREACHABLE_CODE = YES;
				CLANG_WARN__DUPLICATE_METHOD_MATCH = YES;
				COPY_PHASE_STRIP = NO;
				DEBUG_INFORMATION_FORMAT = dwarf;
				ENABLE_STRICT_OBJC_MSGSEND = YES;
				ENABLE_TESTABILITY = YES;
				GCC_C_LANGUAGE_STANDARD = gnu11;
				GCC_DYNAMIC_NO_PIC = NO;
				GCC_NO_COMMON_BLOCKS = YES;
				GCC_OPTIMIZATION_LEVEL = 0;
				GCC_PREPROCESSOR_DEFINITIONS = (
					"DEBUG=1",
					"$(inherited)",
				);
				GCC_WARN_64_TO_32_BIT_CONVERSION = YES;
				GCC_WARN_ABOUT_RETURN_TYPE = YES_ERROR;
				GCC_WARN_UNDECLARED_SELECTOR = YES;
				GCC_WARN_UNINITIALIZED_AUTOS = YES_AGGRESSIVE;
				GCC_WARN_UNUSED_FUNCTION = YES;
				GCC_WARN_UNUSED_VARIABLE = YES;
				IPHONEOS_DEPLOYMENT_TARGET = 13.5;
				MTL_ENABLE_DEBUG_INFO = INCLUDE_SOURCE;
				MTL_FAST_MATH = YES;
				ONLY_ACTIVE_ARCH = YES;
				SDKROOT = iphoneos;
				SWIFT_ACTIVE_COMPILATION_CONDITIONS = DEBUG;
				SWIFT_OPTIMIZATION_LEVEL = "-Onone";
			};
			name = Debug;
		};
		A9D2E47024A51708007E3BB1 /* Release */ = {
			isa = XCBuildConfiguration;
			buildSettings = {
				ALWAYS_SEARCH_USER_PATHS = NO;
				CLANG_ANALYZER_NONNULL = YES;
				CLANG_ANALYZER_NUMBER_OBJECT_CONVERSION = YES_AGGRESSIVE;
				CLANG_CXX_LANGUAGE_STANDARD = "gnu++14";
				CLANG_CXX_LIBRARY = "libc++";
				CLANG_ENABLE_MODULES = YES;
				CLANG_ENABLE_OBJC_ARC = YES;
				CLANG_ENABLE_OBJC_WEAK = YES;
				CLANG_WARN_BLOCK_CAPTURE_AUTORELEASING = YES;
				CLANG_WARN_BOOL_CONVERSION = YES;
				CLANG_WARN_COMMA = YES;
				CLANG_WARN_CONSTANT_CONVERSION = YES;
				CLANG_WARN_DEPRECATED_OBJC_IMPLEMENTATIONS = YES;
				CLANG_WARN_DIRECT_OBJC_ISA_USAGE = YES_ERROR;
				CLANG_WARN_DOCUMENTATION_COMMENTS = YES;
				CLANG_WARN_EMPTY_BODY = YES;
				CLANG_WARN_ENUM_CONVERSION = YES;
				CLANG_WARN_INFINITE_RECURSION = YES;
				CLANG_WARN_INT_CONVERSION = YES;
				CLANG_WARN_NON_LITERAL_NULL_CONVERSION = YES;
				CLANG_WARN_OBJC_IMPLICIT_RETAIN_SELF = YES;
				CLANG_WARN_OBJC_LITERAL_CONVERSION = YES;
				CLANG_WARN_OBJC_ROOT_CLASS = YES_ERROR;
				CLANG_WARN_RANGE_LOOP_ANALYSIS = YES;
				CLANG_WARN_STRICT_PROTOTYPES = YES;
				CLANG_WARN_SUSPICIOUS_MOVE = YES;
				CLANG_WARN_UNGUARDED_AVAILABILITY = YES_AGGRESSIVE;
				CLANG_WARN_UNREACHABLE_CODE = YES;
				CLANG_WARN__DUPLICATE_METHOD_MATCH = YES;
				COPY_PHASE_STRIP = NO;
				DEBUG_INFORMATION_FORMAT = "dwarf-with-dsym";
				ENABLE_NS_ASSERTIONS = NO;
				ENABLE_STRICT_OBJC_MSGSEND = YES;
				GCC_C_LANGUAGE_STANDARD = gnu11;
				GCC_NO_COMMON_BLOCKS = YES;
				GCC_WARN_64_TO_32_BIT_CONVERSION = YES;
				GCC_WARN_ABOUT_RETURN_TYPE = YES_ERROR;
				GCC_WARN_UNDECLARED_SELECTOR = YES;
				GCC_WARN_UNINITIALIZED_AUTOS = YES_AGGRESSIVE;
				GCC_WARN_UNUSED_FUNCTION = YES;
				GCC_WARN_UNUSED_VARIABLE = YES;
				IPHONEOS_DEPLOYMENT_TARGET = 13.5;
				MTL_ENABLE_DEBUG_INFO = NO;
				MTL_FAST_MATH = YES;
				ONLY_ACTIVE_ARCH = YES;
				SDKROOT = iphoneos;
				SWIFT_COMPILATION_MODE = wholemodule;
				SWIFT_OPTIMIZATION_LEVEL = "-O";
				VALIDATE_PRODUCT = YES;
			};
			name = Release;
		};
		A9D2E47224A51708007E3BB1 /* Debug */ = {
			isa = XCBuildConfiguration;
			baseConfigurationReference = E97FD7A4D45F5E0AFF30DB0D /* Pods-BasicChat.debug.xcconfig */;
			buildSettings = {
				ASSETCATALOG_COMPILER_APPICON_NAME = AppIcon;
				CODE_SIGN_STYLE = Automatic;
				DEBUG_INFORMATION_FORMAT = "dwarf-with-dsym";
				DEVELOPMENT_TEAM = Y9PC95BU4J;
				INFOPLIST_FILE = BasicChat/Info.plist;
				LD_RUNPATH_SEARCH_PATHS = (
					"$(inherited)",
					"@executable_path/Frameworks",
				);
				PRODUCT_BUNDLE_IDENTIFIER = com.zhu.BasicChat;
				PRODUCT_NAME = "$(TARGET_NAME)";
				SWIFT_VERSION = 5.0;
				TARGETED_DEVICE_FAMILY = "1,2";
			};
			name = Debug;
		};
		A9D2E47324A51708007E3BB1 /* Release */ = {
			isa = XCBuildConfiguration;
			baseConfigurationReference = E1A362DEDEFCF1EDB030C4B3 /* Pods-BasicChat.release.xcconfig */;
			buildSettings = {
				ASSETCATALOG_COMPILER_APPICON_NAME = AppIcon;
				CODE_SIGN_STYLE = Automatic;
				DEVELOPMENT_TEAM = Y9PC95BU4J;
				INFOPLIST_FILE = BasicChat/Info.plist;
				LD_RUNPATH_SEARCH_PATHS = (
					"$(inherited)",
					"@executable_path/Frameworks",
				);
				PRODUCT_BUNDLE_IDENTIFIER = com.zhu.BasicChat;
				PRODUCT_NAME = "$(TARGET_NAME)";
				SWIFT_VERSION = 5.0;
				TARGETED_DEVICE_FAMILY = "1,2";
			};
			name = Release;
		};
		A9D2E47524A51708007E3BB1 /* Debug */ = {
			isa = XCBuildConfiguration;
			baseConfigurationReference = D1257C40A9FCABC1433DED76 /* Pods-BasicChatTests.debug.xcconfig */;
			buildSettings = {
				ALWAYS_EMBED_SWIFT_STANDARD_LIBRARIES = YES;
				BUNDLE_LOADER = "$(TEST_HOST)";
				CODE_SIGN_STYLE = Automatic;
				INFOPLIST_FILE = BasicChatTests/Info.plist;
				IPHONEOS_DEPLOYMENT_TARGET = 13.5;
				LD_RUNPATH_SEARCH_PATHS = (
					"$(inherited)",
					"@executable_path/Frameworks",
					"@loader_path/Frameworks",
				);
				PRODUCT_BUNDLE_IDENTIFIER = com.zhu.BasicChatTests;
				PRODUCT_NAME = "$(TARGET_NAME)";
				SWIFT_VERSION = 5.0;
				TARGETED_DEVICE_FAMILY = "1,2";
				TEST_HOST = "$(BUILT_PRODUCTS_DIR)/BasicChat.app/BasicChat";
			};
			name = Debug;
		};
		A9D2E47624A51708007E3BB1 /* Release */ = {
			isa = XCBuildConfiguration;
			baseConfigurationReference = 5F49A1A777787D27376EB030 /* Pods-BasicChatTests.release.xcconfig */;
			buildSettings = {
				ALWAYS_EMBED_SWIFT_STANDARD_LIBRARIES = YES;
				BUNDLE_LOADER = "$(TEST_HOST)";
				CODE_SIGN_STYLE = Automatic;
				INFOPLIST_FILE = BasicChatTests/Info.plist;
				IPHONEOS_DEPLOYMENT_TARGET = 13.5;
				LD_RUNPATH_SEARCH_PATHS = (
					"$(inherited)",
					"@executable_path/Frameworks",
					"@loader_path/Frameworks",
				);
				PRODUCT_BUNDLE_IDENTIFIER = com.zhu.BasicChatTests;
				PRODUCT_NAME = "$(TARGET_NAME)";
				SWIFT_VERSION = 5.0;
				TARGETED_DEVICE_FAMILY = "1,2";
				TEST_HOST = "$(BUILT_PRODUCTS_DIR)/BasicChat.app/BasicChat";
			};
			name = Release;
		};
		A9D2E47824A51708007E3BB1 /* Debug */ = {
			isa = XCBuildConfiguration;
			baseConfigurationReference = 95211A154F706AE4E9518552 /* Pods-BasicChat-BasicChatUITests.debug.xcconfig */;
			buildSettings = {
				ALWAYS_EMBED_SWIFT_STANDARD_LIBRARIES = YES;
				CODE_SIGN_STYLE = Automatic;
				INFOPLIST_FILE = BasicChatUITests/Info.plist;
				LD_RUNPATH_SEARCH_PATHS = (
					"$(inherited)",
					"@executable_path/Frameworks",
					"@loader_path/Frameworks",
				);
				PRODUCT_BUNDLE_IDENTIFIER = com.zhu.BasicChatUITests;
				PRODUCT_NAME = "$(TARGET_NAME)";
				SWIFT_VERSION = 5.0;
				TARGETED_DEVICE_FAMILY = "1,2";
				TEST_TARGET_NAME = BasicChat;
			};
			name = Debug;
		};
		A9D2E47924A51708007E3BB1 /* Release */ = {
			isa = XCBuildConfiguration;
			baseConfigurationReference = 922182C03040E182F39C23A9 /* Pods-BasicChat-BasicChatUITests.release.xcconfig */;
			buildSettings = {
				ALWAYS_EMBED_SWIFT_STANDARD_LIBRARIES = YES;
				CODE_SIGN_STYLE = Automatic;
				INFOPLIST_FILE = BasicChatUITests/Info.plist;
				LD_RUNPATH_SEARCH_PATHS = (
					"$(inherited)",
					"@executable_path/Frameworks",
					"@loader_path/Frameworks",
				);
				PRODUCT_BUNDLE_IDENTIFIER = com.zhu.BasicChatUITests;
				PRODUCT_NAME = "$(TARGET_NAME)";
				SWIFT_VERSION = 5.0;
				TARGETED_DEVICE_FAMILY = "1,2";
				TEST_TARGET_NAME = BasicChat;
			};
			name = Release;
		};
/* End XCBuildConfiguration section */

/* Begin XCConfigurationList section */
		A9D2E44224A516F8007E3BB1 /* Build configuration list for PBXProject "BasicChat" */ = {
			isa = XCConfigurationList;
			buildConfigurations = (
				A9D2E46F24A51708007E3BB1 /* Debug */,
				A9D2E47024A51708007E3BB1 /* Release */,
			);
			defaultConfigurationIsVisible = 0;
			defaultConfigurationName = Release;
		};
		A9D2E47124A51708007E3BB1 /* Build configuration list for PBXNativeTarget "BasicChat" */ = {
			isa = XCConfigurationList;
			buildConfigurations = (
				A9D2E47224A51708007E3BB1 /* Debug */,
				A9D2E47324A51708007E3BB1 /* Release */,
			);
			defaultConfigurationIsVisible = 0;
			defaultConfigurationName = Release;
		};
		A9D2E47424A51708007E3BB1 /* Build configuration list for PBXNativeTarget "BasicChatTests" */ = {
			isa = XCConfigurationList;
			buildConfigurations = (
				A9D2E47524A51708007E3BB1 /* Debug */,
				A9D2E47624A51708007E3BB1 /* Release */,
			);
			defaultConfigurationIsVisible = 0;
			defaultConfigurationName = Release;
		};
		A9D2E47724A51708007E3BB1 /* Build configuration list for PBXNativeTarget "BasicChatUITests" */ = {
			isa = XCConfigurationList;
			buildConfigurations = (
				A9D2E47824A51708007E3BB1 /* Debug */,
				A9D2E47924A51708007E3BB1 /* Release */,
			);
			defaultConfigurationIsVisible = 0;
			defaultConfigurationName = Release;
		};
/* End XCConfigurationList section */
	};
	rootObject = A9D2E43F24A516F8007E3BB1 /* Project object */;
}
